
Microsoft Visual Studio Solution File, Format Version 12.00
# Visual Studio Version 17
VisualStudioVersion = 17.3.32922.545
MinimumVisualStudioVersion = 10.0.40219.1
Project("{FAE04EC0-301F-11D3-BF4B-00C04F79EFBC}") = "hafta3odev", "hafta3odev\hafta3odev.csproj", "{9802B803-C985-44FD-9E43-C8A4E6B57AC3}"
EndProject
Global
	GlobalSection(SolutionConfigurationPlatforms) = preSolution
		Debug|Any CPU = Debug|Any CPU
		Release|Any CPU = Release|Any CPU
	EndGlobalSection
	GlobalSection(ProjectConfigurationPlatforms) = postSolution
		{9802B803-C985-44FD-9E43-C8A4E6B57AC3}.Debug|Any CPU.ActiveCfg = Debug|Any CPU
		{9802B803-C985-44FD-9E43-C8A4E6B57AC3}.Debug|Any CPU.Build.0 = Debug|Any CPU
		{9802B803-C985-44FD-9E43-C8A4E6B57AC3}.Release|Any CPU.ActiveCfg = Release|Any CPU
		{9802B803-C985-44FD-9E43-C8A4E6B57AC3}.Release|Any CPU.Build.0 = Release|Any CPU
	EndGlobalSection
	GlobalSection(SolutionProperties) = preSolution
		HideSolutionNode = FALSE
	EndGlobalSection
	GlobalSection(ExtensibilityGlobals) = postSolution
		SolutionGuid = {F72D816D-D6D3-4831-A0B3-E4F05AFB254C}
	EndGlobalSection
EndGlobal
